// !$*UTF8*$!
{
	archiveVersion = 1;
	classes = {
	};
	objectVersion = 46;
	objects = {

/* Begin PBXAggregateTarget section */
		063D345A175A4E1CB4F965AB /* ZERO_CHECK */ = {
			isa = PBXAggregateTarget;
			buildConfigurationList = 2BDB72C171C445A9B507AC58 /* Build configuration list for PBXAggregateTarget "ZERO_CHECK" */;
			buildPhases = (
				305A9F789BAD4FFEA406D2DE /* CMake Rules */,
			);
			dependencies = (
			);
			name = ZERO_CHECK;
			productName = ZERO_CHECK;
		};
		1CB94053F4514D6EA3BA5E8C /* ALL_BUILD */ = {
			isa = PBXAggregateTarget;
			buildConfigurationList = 35AF94AAD53A4E43848C6371 /* Build configuration list for PBXAggregateTarget "ALL_BUILD" */;
			buildPhases = (
				EF7358E0D02048F196AFAE01 /* CMake Rules */,
			);
			dependencies = (
				2CE679BD12AA4341AFC662F6 /* PBXTargetDependency */,
				9878708D38C545D8B2761989 /* PBXTargetDependency */,
			);
			name = ALL_BUILD;
			productName = ALL_BUILD;
		};
/* End PBXAggregateTarget section */

/* Begin PBXBuildFile section */
		76EEB2E0ED554B8CB0AAC8B5 /* /Users/sdegryze/dev/CarND-Extended-Kalman-Filter-Project/CMakeLists.txt */ = {isa = PBXBuildFile; fileRef = 52638B7155A740C5916E0F51 /* /Users/sdegryze/dev/CarND-Extended-Kalman-Filter-Project/CMakeLists.txt */; };
		786870A40E3F49AA8E9D85B9 /* /Users/sdegryze/dev/CarND-Extended-Kalman-Filter-Project/src/FusionEKF.h */ = {isa = PBXBuildFile; fileRef = 0AAA8EE9FD82416D997EE985 /* /Users/sdegryze/dev/CarND-Extended-Kalman-Filter-Project/src/FusionEKF.h */; };
		7D63FD2571DE4F7F888821DC /* /Users/sdegryze/dev/CarND-Extended-Kalman-Filter-Project/src/tools.cpp */ = {isa = PBXBuildFile; fileRef = 7DEB7BB2B67C4361AE32D760 /* /Users/sdegryze/dev/CarND-Extended-Kalman-Filter-Project/src/tools.cpp */; };
		B2A617FF70DC4886805C53D9 /* /Users/sdegryze/dev/CarND-Extended-Kalman-Filter-Project/src/kalman_filter.h */ = {isa = PBXBuildFile; fileRef = 40D308DCAA1B46339A696795 /* /Users/sdegryze/dev/CarND-Extended-Kalman-Filter-Project/src/kalman_filter.h */; };
		B423792963DF46D3A1A9290E /* /Users/sdegryze/dev/CarND-Extended-Kalman-Filter-Project/src/tools.h */ = {isa = PBXBuildFile; fileRef = 603589105F3846DE82B9B021 /* /Users/sdegryze/dev/CarND-Extended-Kalman-Filter-Project/src/tools.h */; };
		BEC5F749E7674FB1B9708412 /* /Users/sdegryze/dev/CarND-Extended-Kalman-Filter-Project/src/kalman_filter.cpp */ = {isa = PBXBuildFile; fileRef = F1E8E410FF2941709374976C /* /Users/sdegryze/dev/CarND-Extended-Kalman-Filter-Project/src/kalman_filter.cpp */; };
		F547AD9C5F554AE58AB59131 /* /Users/sdegryze/dev/CarND-Extended-Kalman-Filter-Project/src/FusionEKF.cpp */ = {isa = PBXBuildFile; fileRef = 5DC44DA7E1454DBEB173DAA7 /* /Users/sdegryze/dev/CarND-Extended-Kalman-Filter-Project/src/FusionEKF.cpp */; };
		FDA7871CF29E469FAD19A61D /* /Users/sdegryze/dev/CarND-Extended-Kalman-Filter-Project/src/main.cpp */ = {isa = PBXBuildFile; fileRef = 3DFB95E4BB4E41B295CE1389 /* /Users/sdegryze/dev/CarND-Extended-Kalman-Filter-Project/src/main.cpp */; };
/* End PBXBuildFile section */

/* Begin PBXBuildStyle section */
		0F707A3204854F5792967795 /* Debug */ = {
			isa = PBXBuildStyle;
			buildSettings = {
				COPY_PHASE_STRIP = NO;
			};
			name = Debug;
		};
		8BB5516F07B64529A05F2435 /* Release */ = {
			isa = PBXBuildStyle;
			buildSettings = {
				COPY_PHASE_STRIP = NO;
			};
			name = Release;
		};
		E1B4387F0FA74BC3B8024D3F /* MinSizeRel */ = {
			isa = PBXBuildStyle;
			buildSettings = {
				COPY_PHASE_STRIP = NO;
			};
			name = MinSizeRel;
		};
		F821BC4612954206846926B2 = {
			isa = PBXBuildStyle;
		};
		FD97A9AE4200433A8D68D0BB /* RelWithDebInfo */ = {
			isa = PBXBuildStyle;
			buildSettings = {
				COPY_PHASE_STRIP = NO;
			};
			name = RelWithDebInfo;
		};
/* End PBXBuildStyle section */

/* Begin PBXContainerItemProxy section */
		57D0922F7F284F9C98144F70 /* PBXContainerItemProxy */ = {
			isa = PBXContainerItemProxy;
			containerPortal = FA760400FF2F4357B785CA49 /* Project object */;
			proxyType = 1;
			remoteGlobalIDString = 10BFE8CA83464D28B479A8A4;
			remoteInfo = ExtendedKF;
		};
		872C2EE463B3486EBA0307CF /* PBXContainerItemProxy */ = {
			isa = PBXContainerItemProxy;
			containerPortal = FA760400FF2F4357B785CA49 /* Project object */;
			proxyType = 1;
			remoteGlobalIDString = 063D345A175A4E1CB4F965AB;
			remoteInfo = ZERO_CHECK;
		};
		B2ACBE5833C349FABC228342 /* PBXContainerItemProxy */ = {
			isa = PBXContainerItemProxy;
			containerPortal = FA760400FF2F4357B785CA49 /* Project object */;
			proxyType = 1;
			remoteGlobalIDString = 063D345A175A4E1CB4F965AB;
			remoteInfo = ZERO_CHECK;
		};
/* End PBXContainerItemProxy section */

/* Begin PBXFileReference section */
		0AAA8EE9FD82416D997EE985 /* /Users/sdegryze/dev/CarND-Extended-Kalman-Filter-Project/src/FusionEKF.h */ = {isa = PBXFileReference; explicitFileType = sourcecode.c.h; fileEncoding = 4; name = FusionEKF.h; path = src/FusionEKF.h; sourceTree = SOURCE_ROOT; };
		236ECE8031F94D60BD4F8160 /* ExtendedKF */ = {isa = PBXFileReference; explicitFileType = "compiled.mach-o.executable"; path = ExtendedKF; sourceTree = BUILT_PRODUCTS_DIR; };
		3DFB95E4BB4E41B295CE1389 /* /Users/sdegryze/dev/CarND-Extended-Kalman-Filter-Project/src/main.cpp */ = {isa = PBXFileReference; explicitFileType = sourcecode.cpp.cpp; fileEncoding = 4; name = main.cpp; path = src/main.cpp; sourceTree = SOURCE_ROOT; };
		40D308DCAA1B46339A696795 /* /Users/sdegryze/dev/CarND-Extended-Kalman-Filter-Project/src/kalman_filter.h */ = {isa = PBXFileReference; explicitFileType = sourcecode.c.h; fileEncoding = 4; name = kalman_filter.h; path = src/kalman_filter.h; sourceTree = SOURCE_ROOT; };
		52638B7155A740C5916E0F51 /* /Users/sdegryze/dev/CarND-Extended-Kalman-Filter-Project/CMakeLists.txt */ = {isa = PBXFileReference; explicitFileType = sourcecode.text; fileEncoding = 4; name = CMakeLists.txt; path = CMakeLists.txt; sourceTree = SOURCE_ROOT; };
		5DC44DA7E1454DBEB173DAA7 /* /Users/sdegryze/dev/CarND-Extended-Kalman-Filter-Project/src/FusionEKF.cpp */ = {isa = PBXFileReference; explicitFileType = sourcecode.cpp.cpp; fileEncoding = 4; name = FusionEKF.cpp; path = src/FusionEKF.cpp; sourceTree = SOURCE_ROOT; };
		603589105F3846DE82B9B021 /* /Users/sdegryze/dev/CarND-Extended-Kalman-Filter-Project/src/tools.h */ = {isa = PBXFileReference; explicitFileType = sourcecode.c.h; fileEncoding = 4; name = tools.h; path = src/tools.h; sourceTree = SOURCE_ROOT; };
		7DEB7BB2B67C4361AE32D760 /* /Users/sdegryze/dev/CarND-Extended-Kalman-Filter-Project/src/tools.cpp */ = {isa = PBXFileReference; explicitFileType = sourcecode.cpp.cpp; fileEncoding = 4; name = tools.cpp; path = src/tools.cpp; sourceTree = SOURCE_ROOT; };
		A43C69FA0B9E4BFB8D523D90 /* /Users/sdegryze/dev/CarND-Extended-Kalman-Filter-Project/CMakeLists.txt */ = {isa = PBXFileReference; explicitFileType = sourcecode.text; fileEncoding = 4; name = CMakeLists.txt; path = CMakeLists.txt; sourceTree = SOURCE_ROOT; };
		AEC9F419FA034C23B4C4F2E8 /* /Users/sdegryze/dev/CarND-Extended-Kalman-Filter-Project/CMakeLists.txt */ = {isa = PBXFileReference; explicitFileType = sourcecode.text; fileEncoding = 4; name = CMakeLists.txt; path = CMakeLists.txt; sourceTree = SOURCE_ROOT; };
		F1E8E410FF2941709374976C /* /Users/sdegryze/dev/CarND-Extended-Kalman-Filter-Project/src/kalman_filter.cpp */ = {isa = PBXFileReference; explicitFileType = sourcecode.cpp.cpp; fileEncoding = 4; name = kalman_filter.cpp; path = src/kalman_filter.cpp; sourceTree = SOURCE_ROOT; };
/* End PBXFileReference section */

/* Begin PBXGroup section */
		12B40BD6E44841FD8A56D0CF /* Products */ = {
			isa = PBXGroup;
			children = (
				236ECE8031F94D60BD4F8160 /* ExtendedKF */,
			);
			name = Products;
			sourceTree = "<group>";
		};
		131CE85ED9A44110B6863C1B = {
			isa = PBXGroup;
			children = (
				9822FAD06A3D4A199B2E5861 /* Sources */,
				E243F235A80D4B80B65D7965 /* Resources */,
				12B40BD6E44841FD8A56D0CF /* Products */,
			);
			sourceTree = "<group>";
		};
		562409A9D14F43D5B4548862 /* Header Files */ = {
			isa = PBXGroup;
			children = (
				0AAA8EE9FD82416D997EE985 /* /Users/sdegryze/dev/CarND-Extended-Kalman-Filter-Project/src/FusionEKF.h */,
				40D308DCAA1B46339A696795 /* /Users/sdegryze/dev/CarND-Extended-Kalman-Filter-Project/src/kalman_filter.h */,
				603589105F3846DE82B9B021 /* /Users/sdegryze/dev/CarND-Extended-Kalman-Filter-Project/src/tools.h */,
			);
			name = "Header Files";
			sourceTree = "<group>";
		};
		682DE9AFAE884AC6B77501ED /* CMake Rules */ = {
			isa = PBXGroup;
			children = (
			);
			name = "CMake Rules";
			sourceTree = "<group>";
		};
		9822FAD06A3D4A199B2E5861 /* Sources */ = {
			isa = PBXGroup;
			children = (
				CA5DF70FAA474569B37DBACF /* ExtendedKF */,
				AA83CA9AA7724D0CA8C04BF1 /* ALL_BUILD */,
				E9F9B64C3F6D4DAD95765C28 /* ZERO_CHECK */,
			);
			name = Sources;
			sourceTree = "<group>";
		};
		AA83CA9AA7724D0CA8C04BF1 /* ALL_BUILD */ = {
			isa = PBXGroup;
			children = (
				682DE9AFAE884AC6B77501ED /* CMake Rules */,
				A43C69FA0B9E4BFB8D523D90 /* /Users/sdegryze/dev/CarND-Extended-Kalman-Filter-Project/CMakeLists.txt */,
			);
			name = ALL_BUILD;
			sourceTree = "<group>";
		};
		CA5DF70FAA474569B37DBACF /* ExtendedKF */ = {
			isa = PBXGroup;
			children = (
				D0280DB8B4DD4B5A857C01D8 /* Source Files */,
				562409A9D14F43D5B4548862 /* Header Files */,
				52638B7155A740C5916E0F51 /* /Users/sdegryze/dev/CarND-Extended-Kalman-Filter-Project/CMakeLists.txt */,
			);
			name = ExtendedKF;
			sourceTree = "<group>";
		};
		D0280DB8B4DD4B5A857C01D8 /* Source Files */ = {
			isa = PBXGroup;
			children = (
				5DC44DA7E1454DBEB173DAA7 /* /Users/sdegryze/dev/CarND-Extended-Kalman-Filter-Project/src/FusionEKF.cpp */,
				F1E8E410FF2941709374976C /* /Users/sdegryze/dev/CarND-Extended-Kalman-Filter-Project/src/kalman_filter.cpp */,
				3DFB95E4BB4E41B295CE1389 /* /Users/sdegryze/dev/CarND-Extended-Kalman-Filter-Project/src/main.cpp */,
				7DEB7BB2B67C4361AE32D760 /* /Users/sdegryze/dev/CarND-Extended-Kalman-Filter-Project/src/tools.cpp */,
			);
			name = "Source Files";
			sourceTree = "<group>";
		};
		E243F235A80D4B80B65D7965 /* Resources */ = {
			isa = PBXGroup;
			children = (
			);
			name = Resources;
			sourceTree = "<group>";
		};
		E9F9B64C3F6D4DAD95765C28 /* ZERO_CHECK */ = {
			isa = PBXGroup;
			children = (
				F21450DB2BA248A882AA4987 /* CMake Rules */,
				AEC9F419FA034C23B4C4F2E8 /* /Users/sdegryze/dev/CarND-Extended-Kalman-Filter-Project/CMakeLists.txt */,
			);
			name = ZERO_CHECK;
			sourceTree = "<group>";
		};
		F21450DB2BA248A882AA4987 /* CMake Rules */ = {
			isa = PBXGroup;
			children = (
			);
			name = "CMake Rules";
			sourceTree = "<group>";
		};
/* End PBXGroup section */

/* Begin PBXNativeTarget section */
		10BFE8CA83464D28B479A8A4 /* ExtendedKF */ = {
			isa = PBXNativeTarget;
			buildConfigurationList = 6849E1265B8048F3AA3E1F78 /* Build configuration list for PBXNativeTarget "ExtendedKF" */;
			buildPhases = (
				7BC95CDE52E149448D7C7CB9 /* Sources */,
			);
			buildRules = (
			);
			dependencies = (
				5A82DFBAC1E14F3AA10FC75A /* PBXTargetDependency */,
			);
			name = ExtendedKF;
			productName = ExtendedKF;
			productReference = 236ECE8031F94D60BD4F8160 /* ExtendedKF */;
			productType = "com.apple.product-type.tool";
		};
/* End PBXNativeTarget section */

/* Begin PBXProject section */
		FA760400FF2F4357B785CA49 /* Project object */ = {
			isa = PBXProject;
			attributes = {
				BuildIndependentTargetsInParallel = YES;
				LastUpgradeCheck = 0830;
			};
			buildConfigurationList = 3A0D1BE23A3C49D4807FB4BC /* Build configuration list for PBXProject "ExtendedKF" */;
			buildSettings = {
			};
			buildStyles = (
				0F707A3204854F5792967795 /* Debug */,
				8BB5516F07B64529A05F2435 /* Release */,
				E1B4387F0FA74BC3B8024D3F /* MinSizeRel */,
				FD97A9AE4200433A8D68D0BB /* RelWithDebInfo */,
			);
			compatibilityVersion = "Xcode 3.2";
			hasScannedForEncodings = 0;
			mainGroup = 131CE85ED9A44110B6863C1B;
			projectDirPath = ../../;
			projectRoot = "";
			targets = (
				1CB94053F4514D6EA3BA5E8C /* ALL_BUILD */,
				10BFE8CA83464D28B479A8A4 /* ExtendedKF */,
				063D345A175A4E1CB4F965AB /* ZERO_CHECK */,
			);
		};
/* End PBXProject section */

/* Begin PBXShellScriptBuildPhase section */
		305A9F789BAD4FFEA406D2DE /* CMake Rules */ = {
			isa = PBXShellScriptBuildPhase;
			buildActionMask = 2147483647;
			files = (
			);
			name = "CMake Rules";
			runOnlyForDeploymentPostprocessing = 0;
			shellPath = /bin/sh;
			shellScript = "make -C /Users/sdegryze/dev/CarND-Extended-Kalman-Filter-Project/ide_profiles/xcode -f /Users/sdegryze/dev/CarND-Extended-Kalman-Filter-Project/ide_profiles/xcode/CMakeScripts/ZERO_CHECK_cmakeRulesBuildPhase.make$CONFIGURATION all";
			showEnvVarsInLog = 0;
		};
		580ED2651C0A44E980A2D274 = {
			isa = PBXShellScriptBuildPhase;
			buildActionMask = 2147483647;
			files = (
			);
			inputPaths = (
			);
			outputPaths = (
			);
			runOnlyForDeploymentPostprocessing = 0;
			shellPath = /bin/sh;
			shellScript = "# shell script goes here
exit 0";
			showEnvVarsInLog = 0;
		};
		BF3AF8FC86DA4172B30F91C5 = {
			isa = PBXShellScriptBuildPhase;
			buildActionMask = 2147483647;
			files = (
			);
			inputPaths = (
			);
			outputPaths = (
			);
			runOnlyForDeploymentPostprocessing = 0;
			shellPath = /bin/sh;
			shellScript = "# shell script goes here
exit 0";
			showEnvVarsInLog = 0;
		};
		EF7358E0D02048F196AFAE01 /* CMake Rules */ = {
			isa = PBXShellScriptBuildPhase;
			buildActionMask = 2147483647;
			files = (
			);
			name = "CMake Rules";
			runOnlyForDeploymentPostprocessing = 0;
			shellPath = /bin/sh;
			shellScript = "make -C /Users/sdegryze/dev/CarND-Extended-Kalman-Filter-Project/ide_profiles/xcode -f /Users/sdegryze/dev/CarND-Extended-Kalman-Filter-Project/ide_profiles/xcode/CMakeScripts/ALL_BUILD_cmakeRulesBuildPhase.make$CONFIGURATION all";
			showEnvVarsInLog = 0;
		};
/* End PBXShellScriptBuildPhase section */

/* Begin PBXSourcesBuildPhase section */
		7BC95CDE52E149448D7C7CB9 /* Sources */ = {
			isa = PBXSourcesBuildPhase;
			buildActionMask = 2147483647;
			files = (
				F547AD9C5F554AE58AB59131 /* /Users/sdegryze/dev/CarND-Extended-Kalman-Filter-Project/src/FusionEKF.cpp */,
				BEC5F749E7674FB1B9708412 /* /Users/sdegryze/dev/CarND-Extended-Kalman-Filter-Project/src/kalman_filter.cpp */,
				FDA7871CF29E469FAD19A61D /* /Users/sdegryze/dev/CarND-Extended-Kalman-Filter-Project/src/main.cpp */,
				7D63FD2571DE4F7F888821DC /* /Users/sdegryze/dev/CarND-Extended-Kalman-Filter-Project/src/tools.cpp */,
			);
			runOnlyForDeploymentPostprocessing = 0;
		};
/* End PBXSourcesBuildPhase section */

/* Begin PBXTargetDependency section */
		2CE679BD12AA4341AFC662F6 /* PBXTargetDependency */ = {
			isa = PBXTargetDependency;
			target = 10BFE8CA83464D28B479A8A4 /* ExtendedKF */;
			targetProxy = 57D0922F7F284F9C98144F70 /* PBXContainerItemProxy */;
		};
		5A82DFBAC1E14F3AA10FC75A /* PBXTargetDependency */ = {
			isa = PBXTargetDependency;
			target = 063D345A175A4E1CB4F965AB /* ZERO_CHECK */;
			targetProxy = B2ACBE5833C349FABC228342 /* PBXContainerItemProxy */;
		};
		9878708D38C545D8B2761989 /* PBXTargetDependency */ = {
			isa = PBXTargetDependency;
			target = 063D345A175A4E1CB4F965AB /* ZERO_CHECK */;
			targetProxy = 872C2EE463B3486EBA0307CF /* PBXContainerItemProxy */;
		};
/* End PBXTargetDependency section */

/* Begin XCBuildConfiguration section */
		0C5A5FDFE4DE48D193810288 /* Release */ = {
			isa = XCBuildConfiguration;
			buildSettings = {
				COMBINE_HIDPI_IMAGES = YES;
				GCC_GENERATE_DEBUGGING_SYMBOLS = YES;
				GCC_INLINES_ARE_PRIVATE_EXTERN = NO;
				GCC_OPTIMIZATION_LEVEL = 0;
				GCC_PREPROCESSOR_DEFINITIONS = ("'CMAKE_INTDIR=\"$(CONFIGURATION)$(EFFECTIVE_PLATFORM_NAME)\"'");
				GCC_SYMBOLS_PRIVATE_EXTERN = NO;
				HEADER_SEARCH_PATHS = (/usr/local/include,/usr/local/opt/openssl/include);
				INSTALL_PATH = "";
				OTHER_LDFLAGS = " ";
				OTHER_REZFLAGS = "";
				PRODUCT_NAME = ZERO_CHECK;
				SECTORDER_FLAGS = "";
				SYMROOT = "/Users/sdegryze/dev/CarND-Extended-Kalman-Filter-Project/ide_profiles/xcode";
				USE_HEADERMAP = NO;
				WARNING_CFLAGS = ("-Wmost","-Wno-four-char-constants","-Wno-unknown-pragmas","$(inherited)");
			};
			name = Release;
		};
		12E70E8FA38D41BCB290FA89 /* RelWithDebInfo */ = {
			isa = XCBuildConfiguration;
			buildSettings = {
				COMBINE_HIDPI_IMAGES = YES;
				GCC_GENERATE_DEBUGGING_SYMBOLS = YES;
				GCC_INLINES_ARE_PRIVATE_EXTERN = NO;
				GCC_OPTIMIZATION_LEVEL = 0;
				GCC_PREPROCESSOR_DEFINITIONS = ("'CMAKE_INTDIR=\"$(CONFIGURATION)$(EFFECTIVE_PLATFORM_NAME)\"'");
				GCC_SYMBOLS_PRIVATE_EXTERN = NO;
				HEADER_SEARCH_PATHS = (/usr/local/include,/usr/local/opt/openssl/include);
				INSTALL_PATH = "";
				OTHER_LDFLAGS = " ";
				OTHER_REZFLAGS = "";
				PRODUCT_NAME = ZERO_CHECK;
				SECTORDER_FLAGS = "";
				SYMROOT = "/Users/sdegryze/dev/CarND-Extended-Kalman-Filter-Project/ide_profiles/xcode";
				USE_HEADERMAP = NO;
				WARNING_CFLAGS = ("-Wmost","-Wno-four-char-constants","-Wno-unknown-pragmas","$(inherited)");
			};
			name = RelWithDebInfo;
		};
		1681901EB77D45A7991336BF /* Debug */ = {
			isa = XCBuildConfiguration;
			buildSettings = {
				COMBINE_HIDPI_IMAGES = YES;
				GCC_GENERATE_DEBUGGING_SYMBOLS = YES;
				GCC_INLINES_ARE_PRIVATE_EXTERN = NO;
				GCC_OPTIMIZATION_LEVEL = 0;
				GCC_PREPROCESSOR_DEFINITIONS = ("'CMAKE_INTDIR=\"$(CONFIGURATION)$(EFFECTIVE_PLATFORM_NAME)\"'");
				GCC_SYMBOLS_PRIVATE_EXTERN = NO;
				HEADER_SEARCH_PATHS = (/usr/local/include,/usr/local/opt/openssl/include);
				INSTALL_PATH = "";
				OTHER_LDFLAGS = " ";
				OTHER_REZFLAGS = "";
				PRODUCT_NAME = ALL_BUILD;
				SECTORDER_FLAGS = "";
				SYMROOT = "/Users/sdegryze/dev/CarND-Extended-Kalman-Filter-Project/ide_profiles/xcode";
				USE_HEADERMAP = NO;
				WARNING_CFLAGS = ("-Wmost","-Wno-four-char-constants","-Wno-unknown-pragmas","$(inherited)");
			};
			name = Debug;
		};
		39198410D5FC4E0DB6E7760C /* Release */ = {
			isa = XCBuildConfiguration;
			buildSettings = {
				COMBINE_HIDPI_IMAGES = YES;
				GCC_GENERATE_DEBUGGING_SYMBOLS = YES;
				GCC_INLINES_ARE_PRIVATE_EXTERN = NO;
				GCC_OPTIMIZATION_LEVEL = 0;
				GCC_PREPROCESSOR_DEFINITIONS = ("'CMAKE_INTDIR=\"$(CONFIGURATION)$(EFFECTIVE_PLATFORM_NAME)\"'");
				GCC_SYMBOLS_PRIVATE_EXTERN = NO;
				HEADER_SEARCH_PATHS = (/usr/local/include,/usr/local/opt/openssl/include);
				INSTALL_PATH = "";
				OTHER_LDFLAGS = " ";
				OTHER_REZFLAGS = "";
				PRODUCT_NAME = ALL_BUILD;
				SECTORDER_FLAGS = "";
				SYMROOT = "/Users/sdegryze/dev/CarND-Extended-Kalman-Filter-Project/ide_profiles/xcode";
				USE_HEADERMAP = NO;
				WARNING_CFLAGS = ("-Wmost","-Wno-four-char-constants","-Wno-unknown-pragmas","$(inherited)");
			};
			name = Release;
		};
		3D38755B85BA45F5ADBB91AF /* Release */ = {
			isa = XCBuildConfiguration;
			buildSettings = {
				COMBINE_HIDPI_IMAGES = YES;
				EXECUTABLE_PREFIX = "";
				EXECUTABLE_SUFFIX = "";
				GCC_GENERATE_DEBUGGING_SYMBOLS = NO;
				GCC_INLINES_ARE_PRIVATE_EXTERN = NO;
				GCC_OPTIMIZATION_LEVEL = 3;
				GCC_PREPROCESSOR_DEFINITIONS = ("'CMAKE_INTDIR=\"$(CONFIGURATION)$(EFFECTIVE_PLATFORM_NAME)\"'");
				GCC_SYMBOLS_PRIVATE_EXTERN = NO;
				HEADER_SEARCH_PATHS = (/usr/local/include,/usr/local/opt/openssl/include);
				INSTALL_PATH = "";
				LD_RUNPATH_SEARCH_PATHS = "/usr/local/lib /usr/local/opt/openssl/lib /usr/local/Cellar/libuv/1.11.0/lib";
				LIBRARY_SEARCH_PATHS = " /usr/local/lib/$(CONFIGURATION)$(EFFECTIVE_PLATFORM_NAME) /usr/local/lib /usr/local/opt/openssl/lib/$(CONFIGURATION)$(EFFECTIVE_PLATFORM_NAME) /usr/local/opt/openssl/lib /usr/local/Cellar/libuv/1.11.0/lib/$(CONFIGURATION)$(EFFECTIVE_PLATFORM_NAME) /usr/local/Cellar/libuv/1.11.0/lib";
				OTHER_CPLUSPLUSFLAGS = "    -DNDEBUG -I/usr/local/include -I/usr/local/opt/openssl/include    -std=c++11";
				OTHER_LDFLAGS = " -Wl,-search_paths_first -Wl,-headerpad_max_install_names  -lz -lssl -luv -luWS";
				OTHER_REZFLAGS = "";
				PRODUCT_NAME = ExtendedKF;
				SECTORDER_FLAGS = "";
				SYMROOT = "/Users/sdegryze/dev/CarND-Extended-Kalman-Filter-Project/ide_profiles/xcode";
				USE_HEADERMAP = NO;
				WARNING_CFLAGS = ("-Wmost","-Wno-four-char-constants","-Wno-unknown-pragmas","$(inherited)");
			};
			name = Release;
		};
		403B8929F0EC4356A119DEBC /* MinSizeRel */ = {
			isa = XCBuildConfiguration;
			buildSettings = {
				COMBINE_HIDPI_IMAGES = YES;
				GCC_GENERATE_DEBUGGING_SYMBOLS = YES;
				GCC_INLINES_ARE_PRIVATE_EXTERN = NO;
				GCC_OPTIMIZATION_LEVEL = 0;
				GCC_PREPROCESSOR_DEFINITIONS = ("'CMAKE_INTDIR=\"$(CONFIGURATION)$(EFFECTIVE_PLATFORM_NAME)\"'");
				GCC_SYMBOLS_PRIVATE_EXTERN = NO;
				HEADER_SEARCH_PATHS = (/usr/local/include,/usr/local/opt/openssl/include);
				INSTALL_PATH = "";
				OTHER_LDFLAGS = " ";
				OTHER_REZFLAGS = "";
				PRODUCT_NAME = ZERO_CHECK;
				SECTORDER_FLAGS = "";
				SYMROOT = "/Users/sdegryze/dev/CarND-Extended-Kalman-Filter-Project/ide_profiles/xcode";
				USE_HEADERMAP = NO;
				WARNING_CFLAGS = ("-Wmost","-Wno-four-char-constants","-Wno-unknown-pragmas","$(inherited)");
			};
			name = MinSizeRel;
		};
		4D6B9670326B4391B9BD147C /* Release */ = {
			isa = XCBuildConfiguration;
			buildSettings = {
				ONLY_ACTIVE_ARCH = YES;
				SDKROOT = /Applications/Xcode.app/Contents/Developer/Platforms/MacOSX.platform/Developer/SDKs/MacOSX10.12.sdk;
				SYMROOT = "/Users/sdegryze/dev/CarND-Extended-Kalman-Filter-Project/ide_profiles/xcode/build";
			};
			name = Release;
		};
		6598A453B2884C89B482FA09 /* MinSizeRel */ = {
			isa = XCBuildConfiguration;
			buildSettings = {
				COMBINE_HIDPI_IMAGES = YES;
				GCC_GENERATE_DEBUGGING_SYMBOLS = YES;
				GCC_INLINES_ARE_PRIVATE_EXTERN = NO;
				GCC_OPTIMIZATION_LEVEL = 0;
				GCC_PREPROCESSOR_DEFINITIONS = ("'CMAKE_INTDIR=\"$(CONFIGURATION)$(EFFECTIVE_PLATFORM_NAME)\"'");
				GCC_SYMBOLS_PRIVATE_EXTERN = NO;
				HEADER_SEARCH_PATHS = (/usr/local/include,/usr/local/opt/openssl/include);
				INSTALL_PATH = "";
				OTHER_LDFLAGS = " ";
				OTHER_REZFLAGS = "";
				PRODUCT_NAME = ALL_BUILD;
				SECTORDER_FLAGS = "";
				SYMROOT = "/Users/sdegryze/dev/CarND-Extended-Kalman-Filter-Project/ide_profiles/xcode";
				USE_HEADERMAP = NO;
				WARNING_CFLAGS = ("-Wmost","-Wno-four-char-constants","-Wno-unknown-pragmas","$(inherited)");
			};
			name = MinSizeRel;
		};
		79C5EEE9C8294AFC90AA76A1 /* MinSizeRel */ = {
			isa = XCBuildConfiguration;
			buildSettings = {
				ONLY_ACTIVE_ARCH = YES;
				SDKROOT = /Applications/Xcode.app/Contents/Developer/Platforms/MacOSX.platform/Developer/SDKs/MacOSX10.12.sdk;
				SYMROOT = "/Users/sdegryze/dev/CarND-Extended-Kalman-Filter-Project/ide_profiles/xcode/build";
			};
			name = MinSizeRel;
		};
		7EF75646964C4D64A5AFDF16 /* RelWithDebInfo */ = {
			isa = XCBuildConfiguration;
			buildSettings = {
				ONLY_ACTIVE_ARCH = YES;
				SDKROOT = /Applications/Xcode.app/Contents/Developer/Platforms/MacOSX.platform/Developer/SDKs/MacOSX10.12.sdk;
				SYMROOT = "/Users/sdegryze/dev/CarND-Extended-Kalman-Filter-Project/ide_profiles/xcode/build";
			};
			name = RelWithDebInfo;
		};
		8749EB4298DC44809593D136 /* RelWithDebInfo */ = {
			isa = XCBuildConfiguration;
			buildSettings = {
				COMBINE_HIDPI_IMAGES = YES;
				GCC_GENERATE_DEBUGGING_SYMBOLS = YES;
				GCC_INLINES_ARE_PRIVATE_EXTERN = NO;
				GCC_OPTIMIZATION_LEVEL = 0;
				GCC_PREPROCESSOR_DEFINITIONS = ("'CMAKE_INTDIR=\"$(CONFIGURATION)$(EFFECTIVE_PLATFORM_NAME)\"'");
				GCC_SYMBOLS_PRIVATE_EXTERN = NO;
				HEADER_SEARCH_PATHS = (/usr/local/include,/usr/local/opt/openssl/include);
				INSTALL_PATH = "";
				OTHER_LDFLAGS = " ";
				OTHER_REZFLAGS = "";
				PRODUCT_NAME = ALL_BUILD;
				SECTORDER_FLAGS = "";
				SYMROOT = "/Users/sdegryze/dev/CarND-Extended-Kalman-Filter-Project/ide_profiles/xcode";
				USE_HEADERMAP = NO;
				WARNING_CFLAGS = ("-Wmost","-Wno-four-char-constants","-Wno-unknown-pragmas","$(inherited)");
			};
			name = RelWithDebInfo;
		};
		AF6DE53608054298BC62DC51 /* RelWithDebInfo */ = {
			isa = XCBuildConfiguration;
			buildSettings = {
				COMBINE_HIDPI_IMAGES = YES;
				EXECUTABLE_PREFIX = "";
				EXECUTABLE_SUFFIX = "";
				GCC_GENERATE_DEBUGGING_SYMBOLS = YES;
				GCC_INLINES_ARE_PRIVATE_EXTERN = NO;
				GCC_OPTIMIZATION_LEVEL = 2;
				GCC_PREPROCESSOR_DEFINITIONS = ("'CMAKE_INTDIR=\"$(CONFIGURATION)$(EFFECTIVE_PLATFORM_NAME)\"'");
				GCC_SYMBOLS_PRIVATE_EXTERN = NO;
				HEADER_SEARCH_PATHS = (/usr/local/include,/usr/local/opt/openssl/include);
				INSTALL_PATH = "";
				LD_RUNPATH_SEARCH_PATHS = "/usr/local/lib /usr/local/opt/openssl/lib /usr/local/Cellar/libuv/1.11.0/lib";
				LIBRARY_SEARCH_PATHS = " /usr/local/lib/$(CONFIGURATION)$(EFFECTIVE_PLATFORM_NAME) /usr/local/lib /usr/local/opt/openssl/lib/$(CONFIGURATION)$(EFFECTIVE_PLATFORM_NAME) /usr/local/opt/openssl/lib /usr/local/Cellar/libuv/1.11.0/lib/$(CONFIGURATION)$(EFFECTIVE_PLATFORM_NAME) /usr/local/Cellar/libuv/1.11.0/lib";
				OTHER_CPLUSPLUSFLAGS = "       -DNDEBUG -I/usr/local/include -I/usr/local/opt/openssl/include    -std=c++11";
				OTHER_LDFLAGS = " -Wl,-search_paths_first -Wl,-headerpad_max_install_names  -lz -lssl -luv -luWS";
				OTHER_REZFLAGS = "";
				PRODUCT_NAME = ExtendedKF;
				SECTORDER_FLAGS = "";
				SYMROOT = "/Users/sdegryze/dev/CarND-Extended-Kalman-Filter-Project/ide_profiles/xcode";
				USE_HEADERMAP = NO;
				WARNING_CFLAGS = ("-Wmost","-Wno-four-char-constants","-Wno-unknown-pragmas","$(inherited)");
			};
			name = RelWithDebInfo;
		};
		D23CA2FF37CD4EEABC80A86A /* Debug */ = {
			isa = XCBuildConfiguration;
			buildSettings = {
				ONLY_ACTIVE_ARCH = YES;
				SDKROOT = /Applications/Xcode.app/Contents/Developer/Platforms/MacOSX.platform/Developer/SDKs/MacOSX10.12.sdk;
				SYMROOT = "/Users/sdegryze/dev/CarND-Extended-Kalman-Filter-Project/ide_profiles/xcode/build";
			};
			name = Debug;
		};
		DA42725BF0AA4BC39E4DD352 /* Debug */ = {
			isa = XCBuildConfiguration;
			buildSettings = {
				COMBINE_HIDPI_IMAGES = YES;
				GCC_GENERATE_DEBUGGING_SYMBOLS = YES;
				GCC_INLINES_ARE_PRIVATE_EXTERN = NO;
				GCC_OPTIMIZATION_LEVEL = 0;
				GCC_PREPROCESSOR_DEFINITIONS = ("'CMAKE_INTDIR=\"$(CONFIGURATION)$(EFFECTIVE_PLATFORM_NAME)\"'");
				GCC_SYMBOLS_PRIVATE_EXTERN = NO;
				HEADER_SEARCH_PATHS = (/usr/local/include,/usr/local/opt/openssl/include);
				INSTALL_PATH = "";
				OTHER_LDFLAGS = " ";
				OTHER_REZFLAGS = "";
				PRODUCT_NAME = ZERO_CHECK;
				SECTORDER_FLAGS = "";
				SYMROOT = "/Users/sdegryze/dev/CarND-Extended-Kalman-Filter-Project/ide_profiles/xcode";
				USE_HEADERMAP = NO;
				WARNING_CFLAGS = ("-Wmost","-Wno-four-char-constants","-Wno-unknown-pragmas","$(inherited)");
			};
			name = Debug;
		};
		E6213D0372C94FDDA76D0B7D /* MinSizeRel */ = {
			isa = XCBuildConfiguration;
			buildSettings = {
				COMBINE_HIDPI_IMAGES = YES;
				EXECUTABLE_PREFIX = "";
				EXECUTABLE_SUFFIX = "";
				GCC_GENERATE_DEBUGGING_SYMBOLS = NO;
				GCC_INLINES_ARE_PRIVATE_EXTERN = NO;
				GCC_OPTIMIZATION_LEVEL = s;
				GCC_PREPROCESSOR_DEFINITIONS = ("'CMAKE_INTDIR=\"$(CONFIGURATION)$(EFFECTIVE_PLATFORM_NAME)\"'");
				GCC_SYMBOLS_PRIVATE_EXTERN = NO;
				HEADER_SEARCH_PATHS = (/usr/local/include,/usr/local/opt/openssl/include);
				INSTALL_PATH = "";
				LD_RUNPATH_SEARCH_PATHS = "/usr/local/lib /usr/local/opt/openssl/lib /usr/local/Cellar/libuv/1.11.0/lib";
				LIBRARY_SEARCH_PATHS = " /usr/local/lib/$(CONFIGURATION)$(EFFECTIVE_PLATFORM_NAME) /usr/local/lib /usr/local/opt/openssl/lib/$(CONFIGURATION)$(EFFECTIVE_PLATFORM_NAME) /usr/local/opt/openssl/lib /usr/local/Cellar/libuv/1.11.0/lib/$(CONFIGURATION)$(EFFECTIVE_PLATFORM_NAME) /usr/local/Cellar/libuv/1.11.0/lib";
				OTHER_CPLUSPLUSFLAGS = "    -DNDEBUG -I/usr/local/include -I/usr/local/opt/openssl/include    -std=c++11";
				OTHER_LDFLAGS = " -Wl,-search_paths_first -Wl,-headerpad_max_install_names  -lz -lssl -luv -luWS";
				OTHER_REZFLAGS = "";
				PRODUCT_NAME = ExtendedKF;
				SECTORDER_FLAGS = "";
				SYMROOT = "/Users/sdegryze/dev/CarND-Extended-Kalman-Filter-Project/ide_profiles/xcode";
				USE_HEADERMAP = NO;
				WARNING_CFLAGS = ("-Wmost","-Wno-four-char-constants","-Wno-unknown-pragmas","$(inherited)");
			};
			name = MinSizeRel;
		};
		F85F7FFE70BA43C8B53AB1ED /* Debug */ = {
			isa = XCBuildConfiguration;
			buildSettings = {
				COMBINE_HIDPI_IMAGES = YES;
				EXECUTABLE_PREFIX = "";
				EXECUTABLE_SUFFIX = "";
				GCC_GENERATE_DEBUGGING_SYMBOLS = YES;
				GCC_INLINES_ARE_PRIVATE_EXTERN = NO;
				GCC_OPTIMIZATION_LEVEL = 0;
				GCC_PREPROCESSOR_DEFINITIONS = ("'CMAKE_INTDIR=\"$(CONFIGURATION)$(EFFECTIVE_PLATFORM_NAME)\"'");
				GCC_SYMBOLS_PRIVATE_EXTERN = NO;
				HEADER_SEARCH_PATHS = (/usr/local/include,/usr/local/opt/openssl/include);
				INSTALL_PATH = "";
				LD_RUNPATH_SEARCH_PATHS = "/usr/local/lib /usr/local/opt/openssl/lib /usr/local/Cellar/libuv/1.11.0/lib";
				LIBRARY_SEARCH_PATHS = " /usr/local/lib/$(CONFIGURATION)$(EFFECTIVE_PLATFORM_NAME) /usr/local/lib /usr/local/opt/openssl/lib/$(CONFIGURATION)$(EFFECTIVE_PLATFORM_NAME) /usr/local/opt/openssl/lib /usr/local/Cellar/libuv/1.11.0/lib/$(CONFIGURATION)$(EFFECTIVE_PLATFORM_NAME) /usr/local/Cellar/libuv/1.11.0/lib";
				OTHER_CPLUSPLUSFLAGS = "   -I/usr/local/include -I/usr/local/opt/openssl/include    -std=c++11";
				OTHER_LDFLAGS = " -Wl,-search_paths_first -Wl,-headerpad_max_install_names  -lz -lssl -luv -luWS";
				OTHER_REZFLAGS = "";
				PRODUCT_NAME = ExtendedKF;
				SECTORDER_FLAGS = "";
				SYMROOT = "/Users/sdegryze/dev/CarND-Extended-Kalman-Filter-Project/ide_profiles/xcode";
				USE_HEADERMAP = NO;
				WARNING_CFLAGS = ("-Wmost","-Wno-four-char-constants","-Wno-unknown-pragmas","$(inherited)");
			};
			name = Debug;
		};
/* End XCBuildConfiguration section */

/* Begin XCConfigurationList section */
		2BDB72C171C445A9B507AC58 /* Build configuration list for PBXAggregateTarget "ZERO_CHECK" */ = {
			isa = XCConfigurationList;
			buildConfigurations = (
				DA42725BF0AA4BC39E4DD352 /* Debug */,
				0C5A5FDFE4DE48D193810288 /* Release */,
				403B8929F0EC4356A119DEBC /* MinSizeRel */,
				12E70E8FA38D41BCB290FA89 /* RelWithDebInfo */,
			);
			defaultConfigurationIsVisible = 0;
			defaultConfigurationName = Debug;
		};
		35AF94AAD53A4E43848C6371 /* Build configuration list for PBXAggregateTarget "ALL_BUILD" */ = {
			isa = XCConfigurationList;
			buildConfigurations = (
				1681901EB77D45A7991336BF /* Debug */,
				39198410D5FC4E0DB6E7760C /* Release */,
				6598A453B2884C89B482FA09 /* MinSizeRel */,
				8749EB4298DC44809593D136 /* RelWithDebInfo */,
			);
			defaultConfigurationIsVisible = 0;
			defaultConfigurationName = Debug;
		};
		3A0D1BE23A3C49D4807FB4BC /* Build configuration list for PBXProject "ExtendedKF" */ = {
			isa = XCConfigurationList;
			buildConfigurations = (
				D23CA2FF37CD4EEABC80A86A /* Debug */,
				4D6B9670326B4391B9BD147C /* Release */,
				79C5EEE9C8294AFC90AA76A1 /* MinSizeRel */,
				7EF75646964C4D64A5AFDF16 /* RelWithDebInfo */,
			);
			defaultConfigurationIsVisible = 0;
			defaultConfigurationName = Debug;
		};
		6849E1265B8048F3AA3E1F78 /* Build configuration list for PBXNativeTarget "ExtendedKF" */ = {
			isa = XCConfigurationList;
			buildConfigurations = (
				F85F7FFE70BA43C8B53AB1ED /* Debug */,
				3D38755B85BA45F5ADBB91AF /* Release */,
				E6213D0372C94FDDA76D0B7D /* MinSizeRel */,
				AF6DE53608054298BC62DC51 /* RelWithDebInfo */,
			);
			defaultConfigurationIsVisible = 0;
			defaultConfigurationName = Debug;
		};
/* End XCConfigurationList section */
	};
	rootObject = FA760400FF2F4357B785CA49 /* Project object */;
}
